
Microsoft Visual Studio Solution File, Format Version 12.00
# Visual Studio Version 16
VisualStudioVersion = 16.0.30011.22
MinimumVisualStudioVersion = 10.0.40219.1
Project("{FAE04EC0-301F-11D3-BF4B-00C04F79EFBC}") = "SingleStone.API", "SingleStone.API\SingleStone.API.csproj", "{D5C6350D-ECF2-437D-B807-01A6424F5751}"
EndProject
Global
	GlobalSection(SolutionConfigurationPlatforms) = preSolution
		Debug|Any CPU = Debug|Any CPU
		Release|Any CPU = Release|Any CPU
	EndGlobalSection
	GlobalSection(ProjectConfigurationPlatforms) = postSolution
		{D5C6350D-ECF2-437D-B807-01A6424F5751}.Debug|Any CPU.ActiveCfg = Debug|Any CPU
		{D5C6350D-ECF2-437D-B807-01A6424F5751}.Debug|Any CPU.Build.0 = Debug|Any CPU
		{D5C6350D-ECF2-437D-B807-01A6424F5751}.Release|Any CPU.ActiveCfg = Release|Any CPU
		{D5C6350D-ECF2-437D-B807-01A6424F5751}.Release|Any CPU.Build.0 = Release|Any CPU
	EndGlobalSection
	GlobalSection(SolutionProperties) = preSolution
		HideSolutionNode = FALSE
	EndGlobalSection
	GlobalSection(ExtensibilityGlobals) = postSolution
		SolutionGuid = {2EEC24B3-702F-4FE5-A349-7C2A2DB78611}
	EndGlobalSection
EndGlobal
